// !$*UTF8*$!
{
	archiveVersion = 1;
	classes = {
	};
	objectVersion = 56;
	objects = {

/* Begin PBXBuildFile section */
		1FED67CA2BB71A9B0064B67C /* AppDelegate.swift in Sources */ = {isa = PBXBuildFile; fileRef = 1FED67C92BB71A9B0064B67C /* AppDelegate.swift */; };
		1FED67CC2BB71A9B0064B67C /* SceneDelegate.swift in Sources */ = {isa = PBXBuildFile; fileRef = 1FED67CB2BB71A9B0064B67C /* SceneDelegate.swift */; };
		1FED67CE2BB71A9B0064B67C /* ViewController.swift in Sources */ = {isa = PBXBuildFile; fileRef = 1FED67CD2BB71A9B0064B67C /* ViewController.swift */; };
		1FED67D12BB71A9B0064B67C /* Main.storyboard in Resources */ = {isa = PBXBuildFile; fileRef = 1FED67CF2BB71A9B0064B67C /* Main.storyboard */; };
		1FED67D32BB71A9D0064B67C /* Assets.xcassets in Resources */ = {isa = PBXBuildFile; fileRef = 1FED67D22BB71A9D0064B67C /* Assets.xcassets */; };
		1FED67D62BB71A9D0064B67C /* LaunchScreen.storyboard in Resources */ = {isa = PBXBuildFile; fileRef = 1FED67D42BB71A9D0064B67C /* LaunchScreen.storyboard */; };
		1FED67E12BB71A9E0064B67C /* GetirBootcampWeek2Tests.swift in Sources */ = {isa = PBXBuildFile; fileRef = 1FED67E02BB71A9E0064B67C /* GetirBootcampWeek2Tests.swift */; };
		1FED67EB2BB71A9E0064B67C /* GetirBootcampWeek2UITests.swift in Sources */ = {isa = PBXBuildFile; fileRef = 1FED67EA2BB71A9E0064B67C /* GetirBootcampWeek2UITests.swift */; };
		1FED67ED2BB71A9E0064B67C /* GetirBootcampWeek2UITestsLaunchTests.swift in Sources */ = {isa = PBXBuildFile; fileRef = 1FED67EC2BB71A9E0064B67C /* GetirBootcampWeek2UITestsLaunchTests.swift */; };
/* End PBXBuildFile section */

/* Begin PBXContainerItemProxy section */
		1FED67DD2BB71A9E0064B67C /* PBXContainerItemProxy */ = {
			isa = PBXContainerItemProxy;
			containerPortal = 1FED67BE2BB71A9B0064B67C /* Project object */;
			proxyType = 1;
			remoteGlobalIDString = 1FED67C52BB71A9B0064B67C;
			remoteInfo = GetirBootcampWeek2;
		};
		1FED67E72BB71A9E0064B67C /* PBXContainerItemProxy */ = {
			isa = PBXContainerItemProxy;
			containerPortal = 1FED67BE2BB71A9B0064B67C /* Project object */;
			proxyType = 1;
			remoteGlobalIDString = 1FED67C52BB71A9B0064B67C;
			remoteInfo = GetirBootcampWeek2;
		};
/* End PBXContainerItemProxy section */

/* Begin PBXFileReference section */
		1FED67C62BB71A9B0064B67C /* GetirBootcampWeek2.app */ = {isa = PBXFileReference; explicitFileType = wrapper.application; includeInIndex = 0; path = GetirBootcampWeek2.app; sourceTree = BUILT_PRODUCTS_DIR; };
		1FED67C92BB71A9B0064B67C /* AppDelegate.swift */ = {isa = PBXFileReference; lastKnownFileType = sourcecode.swift; path = AppDelegate.swift; sourceTree = "<group>"; };
		1FED67CB2BB71A9B0064B67C /* SceneDelegate.swift */ = {isa = PBXFileReference; lastKnownFileType = sourcecode.swift; path = SceneDelegate.swift; sourceTree = "<group>"; };
		1FED67CD2BB71A9B0064B67C /* ViewController.swift */ = {isa = PBXFileReference; lastKnownFileType = sourcecode.swift; path = ViewController.swift; sourceTree = "<group>"; };
		1FED67D02BB71A9B0064B67C /* Base */ = {isa = PBXFileReference; lastKnownFileType = file.storyboard; name = Base; path = Base.lproj/Main.storyboard; sourceTree = "<group>"; };
		1FED67D22BB71A9D0064B67C /* Assets.xcassets */ = {isa = PBXFileReference; lastKnownFileType = folder.assetcatalog; path = Assets.xcassets; sourceTree = "<group>"; };
		1FED67D52BB71A9D0064B67C /* Base */ = {isa = PBXFileReference; lastKnownFileType = file.storyboard; name = Base; path = Base.lproj/LaunchScreen.storyboard; sourceTree = "<group>"; };
		1FED67D72BB71A9D0064B67C /* Info.plist */ = {isa = PBXFileReference; lastKnownFileType = text.plist.xml; path = Info.plist; sourceTree = "<group>"; };
		1FED67DC2BB71A9E0064B67C /* GetirBootcampWeek2Tests.xctest */ = {isa = PBXFileReference; explicitFileType = wrapper.cfbundle; includeInIndex = 0; path = GetirBootcampWeek2Tests.xctest; sourceTree = BUILT_PRODUCTS_DIR; };
		1FED67E02BB71A9E0064B67C /* GetirBootcampWeek2Tests.swift */ = {isa = PBXFileReference; lastKnownFileType = sourcecode.swift; path = GetirBootcampWeek2Tests.swift; sourceTree = "<group>"; };
		1FED67E62BB71A9E0064B67C /* GetirBootcampWeek2UITests.xctest */ = {isa = PBXFileReference; explicitFileType = wrapper.cfbundle; includeInIndex = 0; path = GetirBootcampWeek2UITests.xctest; sourceTree = BUILT_PRODUCTS_DIR; };
		1FED67EA2BB71A9E0064B67C /* GetirBootcampWeek2UITests.swift */ = {isa = PBXFileReference; lastKnownFileType = sourcecode.swift; path = GetirBootcampWeek2UITests.swift; sourceTree = "<group>"; };
		1FED67EC2BB71A9E0064B67C /* GetirBootcampWeek2UITestsLaunchTests.swift */ = {isa = PBXFileReference; lastKnownFileType = sourcecode.swift; path = GetirBootcampWeek2UITestsLaunchTests.swift; sourceTree = "<group>"; };
/* End PBXFileReference section */

/* Begin PBXFrameworksBuildPhase section */
		1FED67C32BB71A9B0064B67C /* Frameworks */ = {
			isa = PBXFrameworksBuildPhase;
			buildActionMask = 2147483647;
			files = (
			);
			runOnlyForDeploymentPostprocessing = 0;
		};
		1FED67D92BB71A9E0064B67C /* Frameworks */ = {
			isa = PBXFrameworksBuildPhase;
			buildActionMask = 2147483647;
			files = (
			);
			runOnlyForDeploymentPostprocessing = 0;
		};
		1FED67E32BB71A9E0064B67C /* Frameworks */ = {
			isa = PBXFrameworksBuildPhase;
			buildActionMask = 2147483647;
			files = (
			);
			runOnlyForDeploymentPostprocessing = 0;
		};
/* End PBXFrameworksBuildPhase section */

/* Begin PBXGroup section */
		1FED67BD2BB71A9B0064B67C = {
			isa = PBXGroup;
			children = (
				1FED67C82BB71A9B0064B67C /* GetirBootcampWeek2 */,
				1FED67DF2BB71A9E0064B67C /* GetirBootcampWeek2Tests */,
				1FED67E92BB71A9E0064B67C /* GetirBootcampWeek2UITests */,
				1FED67C72BB71A9B0064B67C /* Products */,
			);
			sourceTree = "<group>";
		};
		1FED67C72BB71A9B0064B67C /* Products */ = {
			isa = PBXGroup;
			children = (
				1FED67C62BB71A9B0064B67C /* GetirBootcampWeek2.app */,
				1FED67DC2BB71A9E0064B67C /* GetirBootcampWeek2Tests.xctest */,
				1FED67E62BB71A9E0064B67C /* GetirBootcampWeek2UITests.xctest */,
			);
			name = Products;
			sourceTree = "<group>";
		};
		1FED67C82BB71A9B0064B67C /* GetirBootcampWeek2 */ = {
			isa = PBXGroup;
			children = (
				1FED67C92BB71A9B0064B67C /* AppDelegate.swift */,
				1FED67CB2BB71A9B0064B67C /* SceneDelegate.swift */,
				1FED67CD2BB71A9B0064B67C /* ViewController.swift */,
				1FED67CF2BB71A9B0064B67C /* Main.storyboard */,
				1FED67D22BB71A9D0064B67C /* Assets.xcassets */,
				1FED67D42BB71A9D0064B67C /* LaunchScreen.storyboard */,
				1FED67D72BB71A9D0064B67C /* Info.plist */,
			);
			path = GetirBootcampWeek2;
			sourceTree = "<group>";
		};
		1FED67DF2BB71A9E0064B67C /* GetirBootcampWeek2Tests */ = {
			isa = PBXGroup;
			children = (
				1FED67E02BB71A9E0064B67C /* GetirBootcampWeek2Tests.swift */,
			);
			path = GetirBootcampWeek2Tests;
			sourceTree = "<group>";
		};
		1FED67E92BB71A9E0064B67C /* GetirBootcampWeek2UITests */ = {
			isa = PBXGroup;
			children = (
				1FED67EA2BB71A9E0064B67C /* GetirBootcampWeek2UITests.swift */,
				1FED67EC2BB71A9E0064B67C /* GetirBootcampWeek2UITestsLaunchTests.swift */,
			);
			path = GetirBootcampWeek2UITests;
			sourceTree = "<group>";
		};
/* End PBXGroup section */

/* Begin PBXNativeTarget section */
		1FED67C52BB71A9B0064B67C /* GetirBootcampWeek2 */ = {
			isa = PBXNativeTarget;
			buildConfigurationList = 1FED67F02BB71A9E0064B67C /* Build configuration list for PBXNativeTarget "GetirBootcampWeek2" */;
			buildPhases = (
				1FED67C22BB71A9B0064B67C /* Sources */,
				1FED67C32BB71A9B0064B67C /* Frameworks */,
				1FED67C42BB71A9B0064B67C /* Resources */,
			);
			buildRules = (
			);
			dependencies = (
			);
			name = GetirBootcampWeek2;
			productName = GetirBootcampWeek2;
			productReference = 1FED67C62BB71A9B0064B67C /* GetirBootcampWeek2.app */;
			productType = "com.apple.product-type.application";
		};
		1FED67DB2BB71A9E0064B67C /* GetirBootcampWeek2Tests */ = {
			isa = PBXNativeTarget;
			buildConfigurationList = 1FED67F32BB71A9E0064B67C /* Build configuration list for PBXNativeTarget "GetirBootcampWeek2Tests" */;
			buildPhases = (
				1FED67D82BB71A9E0064B67C /* Sources */,
				1FED67D92BB71A9E0064B67C /* Frameworks */,
				1FED67DA2BB71A9E0064B67C /* Resources */,
			);
			buildRules = (
			);
			dependencies = (
				1FED67DE2BB71A9E0064B67C /* PBXTargetDependency */,
			);
			name = GetirBootcampWeek2Tests;
			productName = GetirBootcampWeek2Tests;
			productReference = 1FED67DC2BB71A9E0064B67C /* GetirBootcampWeek2Tests.xctest */;
			productType = "com.apple.product-type.bundle.unit-test";
		};
		1FED67E52BB71A9E0064B67C /* GetirBootcampWeek2UITests */ = {
			isa = PBXNativeTarget;
			buildConfigurationList = 1FED67F62BB71A9E0064B67C /* Build configuration list for PBXNativeTarget "GetirBootcampWeek2UITests" */;
			buildPhases = (
				1FED67E22BB71A9E0064B67C /* Sources */,
				1FED67E32BB71A9E0064B67C /* Frameworks */,
				1FED67E42BB71A9E0064B67C /* Resources */,
			);
			buildRules = (
			);
			dependencies = (
				1FED67E82BB71A9E0064B67C /* PBXTargetDependency */,
			);
			name = GetirBootcampWeek2UITests;
			productName = GetirBootcampWeek2UITests;
			productReference = 1FED67E62BB71A9E0064B67C /* GetirBootcampWeek2UITests.xctest */;
			productType = "com.apple.product-type.bundle.ui-testing";
		};
/* End PBXNativeTarget section */

/* Begin PBXProject section */
		1FED67BE2BB71A9B0064B67C /* Project object */ = {
			isa = PBXProject;
			attributes = {
				BuildIndependentTargetsInParallel = 1;
				LastSwiftUpdateCheck = 1520;
				LastUpgradeCheck = 1520;
				TargetAttributes = {
					1FED67C52BB71A9B0064B67C = {
						CreatedOnToolsVersion = 15.2;
					};
					1FED67DB2BB71A9E0064B67C = {
						CreatedOnToolsVersion = 15.2;
						TestTargetID = 1FED67C52BB71A9B0064B67C;
					};
					1FED67E52BB71A9E0064B67C = {
						CreatedOnToolsVersion = 15.2;
						TestTargetID = 1FED67C52BB71A9B0064B67C;
					};
				};
			};
			buildConfigurationList = 1FED67C12BB71A9B0064B67C /* Build configuration list for PBXProject "GetirBootcampWeek2" */;
			compatibilityVersion = "Xcode 14.0";
			developmentRegion = en;
			hasScannedForEncodings = 0;
			knownRegions = (
				en,
				Base,
			);
			mainGroup = 1FED67BD2BB71A9B0064B67C;
			productRefGroup = 1FED67C72BB71A9B0064B67C /* Products */;
			projectDirPath = "";
			projectRoot = "";
			targets = (
				1FED67C52BB71A9B0064B67C /* GetirBootcampWeek2 */,
				1FED67DB2BB71A9E0064B67C /* GetirBootcampWeek2Tests */,
				1FED67E52BB71A9E0064B67C /* GetirBootcampWeek2UITests */,
			);
		};
/* End PBXProject section */

/* Begin PBXResourcesBuildPhase section */
		1FED67C42BB71A9B0064B67C /* Resources */ = {
			isa = PBXResourcesBuildPhase;
			buildActionMask = 2147483647;
			files = (
				1FED67D62BB71A9D0064B67C /* LaunchScreen.storyboard in Resources */,
				1FED67D32BB71A9D0064B67C /* Assets.xcassets in Resources */,
				1FED67D12BB71A9B0064B67C /* Main.storyboard in Resources */,
			);
			runOnlyForDeploymentPostprocessing = 0;
		};
		1FED67DA2BB71A9E0064B67C /* Resources */ = {
			isa = PBXResourcesBuildPhase;
			buildActionMask = 2147483647;
			files = (
			);
			runOnlyForDeploymentPostprocessing = 0;
		};
		1FED67E42BB71A9E0064B67C /* Resources */ = {
			isa = PBXResourcesBuildPhase;
			buildActionMask = 2147483647;
			files = (
			);
			runOnlyForDeploymentPostprocessing = 0;
		};
/* End PBXResourcesBuildPhase section */

/* Begin PBXSourcesBuildPhase section */
		1FED67C22BB71A9B0064B67C /* Sources */ = {
			isa = PBXSourcesBuildPhase;
			buildActionMask = 2147483647;
			files = (
				1FED67CE2BB71A9B0064B67C /* ViewController.swift in Sources */,
				1FED67CA2BB71A9B0064B67C /* AppDelegate.swift in Sources */,
				1FED67CC2BB71A9B0064B67C /* SceneDelegate.swift in Sources */,
			);
			runOnlyForDeploymentPostprocessing = 0;
		};
		1FED67D82BB71A9E0064B67C /* Sources */ = {
			isa = PBXSourcesBuildPhase;
			buildActionMask = 2147483647;
			files = (
				1FED67E12BB71A9E0064B67C /* GetirBootcampWeek2Tests.swift in Sources */,
			);
			runOnlyForDeploymentPostprocessing = 0;
		};
		1FED67E22BB71A9E0064B67C /* Sources */ = {
			isa = PBXSourcesBuildPhase;
			buildActionMask = 2147483647;
			files = (
				1FED67ED2BB71A9E0064B67C /* GetirBootcampWeek2UITestsLaunchTests.swift in Sources */,
				1FED67EB2BB71A9E0064B67C /* GetirBootcampWeek2UITests.swift in Sources */,
			);
			runOnlyForDeploymentPostprocessing = 0;
		};
/* End PBXSourcesBuildPhase section */

/* Begin PBXTargetDependency section */
		1FED67DE2BB71A9E0064B67C /* PBXTargetDependency */ = {
			isa = PBXTargetDependency;
			target = 1FED67C52BB71A9B0064B67C /* GetirBootcampWeek2 */;
			targetProxy = 1FED67DD2BB71A9E0064B67C /* PBXContainerItemProxy */;
		};
		1FED67E82BB71A9E0064B67C /* PBXTargetDependency */ = {
			isa = PBXTargetDependency;
			target = 1FED67C52BB71A9B0064B67C /* GetirBootcampWeek2 */;
			targetProxy = 1FED67E72BB71A9E0064B67C /* PBXContainerItemProxy */;
		};
/* End PBXTargetDependency section */

/* Begin PBXVariantGroup section */
		1FED67CF2BB71A9B0064B67C /* Main.storyboard */ = {
			isa = PBXVariantGroup;
			children = (
				1FED67D02BB71A9B0064B67C /* Base */,
			);
			name = Main.storyboard;
			sourceTree = "<group>";
		};
		1FED67D42BB71A9D0064B67C /* LaunchScreen.storyboard */ = {
			isa = PBXVariantGroup;
			children = (
				1FED67D52BB71A9D0064B67C /* Base */,
			);
			name = LaunchScreen.storyboard;
			sourceTree = "<group>";
		};
/* End PBXVariantGroup section */

/* Begin XCBuildConfiguration section */
		1FED67EE2BB71A9E0064B67C /* Debug */ = {
			isa = XCBuildConfiguration;
			buildSettings = {
				ALWAYS_SEARCH_USER_PATHS = NO;
				ASSETCATALOG_COMPILER_GENERATE_SWIFT_ASSET_SYMBOL_EXTENSIONS = YES;
				CLANG_ANALYZER_NONNULL = YES;
				CLANG_ANALYZER_NUMBER_OBJECT_CONVERSION = YES_AGGRESSIVE;
				CLANG_CXX_LANGUAGE_STANDARD = "gnu++20";
				CLANG_ENABLE_MODULES = YES;
				CLANG_ENABLE_OBJC_ARC = YES;
				CLANG_ENABLE_OBJC_WEAK = YES;
				CLANG_WARN_BLOCK_CAPTURE_AUTORELEASING = YES;
				CLANG_WARN_BOOL_CONVERSION = YES;
				CLANG_WARN_COMMA = YES;
				CLANG_WARN_CONSTANT_CONVERSION = YES;
				CLANG_WARN_DEPRECATED_OBJC_IMPLEMENTATIONS = YES;
				CLANG_WARN_DIRECT_OBJC_ISA_USAGE = YES_ERROR;
				CLANG_WARN_DOCUMENTATION_COMMENTS = YES;
				CLANG_WARN_EMPTY_BODY = YES;
				CLANG_WARN_ENUM_CONVERSION = YES;
				CLANG_WARN_INFINITE_RECURSION = YES;
				CLANG_WARN_INT_CONVERSION = YES;
				CLANG_WARN_NON_LITERAL_NULL_CONVERSION = YES;
				CLANG_WARN_OBJC_IMPLICIT_RETAIN_SELF = YES;
				CLANG_WARN_OBJC_LITERAL_CONVERSION = YES;
				CLANG_WARN_OBJC_ROOT_CLASS = YES_ERROR;
				CLANG_WARN_QUOTED_INCLUDE_IN_FRAMEWORK_HEADER = YES;
				CLANG_WARN_RANGE_LOOP_ANALYSIS = YES;
				CLANG_WARN_STRICT_PROTOTYPES = YES;
				CLANG_WARN_SUSPICIOUS_MOVE = YES;
				CLANG_WARN_UNGUARDED_AVAILABILITY = YES_AGGRESSIVE;
				CLANG_WARN_UNREACHABLE_CODE = YES;
				CLANG_WARN__DUPLICATE_METHOD_MATCH = YES;
				COPY_PHASE_STRIP = NO;
				DEBUG_INFORMATION_FORMAT = dwarf;
				ENABLE_STRICT_OBJC_MSGSEND = YES;
				ENABLE_TESTABILITY = YES;
				ENABLE_USER_SCRIPT_SANDBOXING = YES;
				GCC_C_LANGUAGE_STANDARD = gnu17;
				GCC_DYNAMIC_NO_PIC = NO;
				GCC_NO_COMMON_BLOCKS = YES;
				GCC_OPTIMIZATION_LEVEL = 0;
				GCC_PREPROCESSOR_DEFINITIONS = (
					"DEBUG=1",
					"$(inherited)",
				);
				GCC_WARN_64_TO_32_BIT_CONVERSION = YES;
				GCC_WARN_ABOUT_RETURN_TYPE = YES_ERROR;
				GCC_WARN_UNDECLARED_SELECTOR = YES;
				GCC_WARN_UNINITIALIZED_AUTOS = YES_AGGRESSIVE;
				GCC_WARN_UNUSED_FUNCTION = YES;
				GCC_WARN_UNUSED_VARIABLE = YES;
				IPHONEOS_DEPLOYMENT_TARGET = 17.2;
				LOCALIZATION_PREFERS_STRING_CATALOGS = YES;
				MTL_ENABLE_DEBUG_INFO = INCLUDE_SOURCE;
				MTL_FAST_MATH = YES;
				ONLY_ACTIVE_ARCH = YES;
				SDKROOT = iphoneos;
				SWIFT_ACTIVE_COMPILATION_CONDITIONS = "DEBUG $(inherited)";
				SWIFT_OPTIMIZATION_LEVEL = "-Onone";
			};
			name = Debug;
		};
		1FED67EF2BB71A9E0064B67C /* Release */ = {
			isa = XCBuildConfiguration;
			buildSettings = {
				ALWAYS_SEARCH_USER_PATHS = NO;
				ASSETCATALOG_COMPILER_GENERATE_SWIFT_ASSET_SYMBOL_EXTENSIONS = YES;
				CLANG_ANALYZER_NONNULL = YES;
				CLANG_ANALYZER_NUMBER_OBJECT_CONVERSION = YES_AGGRESSIVE;
				CLANG_CXX_LANGUAGE_STANDARD = "gnu++20";
				CLANG_ENABLE_MODULES = YES;
				CLANG_ENABLE_OBJC_ARC = YES;
				CLANG_ENABLE_OBJC_WEAK = YES;
				CLANG_WARN_BLOCK_CAPTURE_AUTORELEASING = YES;
				CLANG_WARN_BOOL_CONVERSION = YES;
				CLANG_WARN_COMMA = YES;
				CLANG_WARN_CONSTANT_CONVERSION = YES;
				CLANG_WARN_DEPRECATED_OBJC_IMPLEMENTATIONS = YES;
				CLANG_WARN_DIRECT_OBJC_ISA_USAGE = YES_ERROR;
				CLANG_WARN_DOCUMENTATION_COMMENTS = YES;
				CLANG_WARN_EMPTY_BODY = YES;
				CLANG_WARN_ENUM_CONVERSION = YES;
				CLANG_WARN_INFINITE_RECURSION = YES;
				CLANG_WARN_INT_CONVERSION = YES;
				CLANG_WARN_NON_LITERAL_NULL_CONVERSION = YES;
				CLANG_WARN_OBJC_IMPLICIT_RETAIN_SELF = YES;
				CLANG_WARN_OBJC_LITERAL_CONVERSION = YES;
				CLANG_WARN_OBJC_ROOT_CLASS = YES_ERROR;
				CLANG_WARN_QUOTED_INCLUDE_IN_FRAMEWORK_HEADER = YES;
				CLANG_WARN_RANGE_LOOP_ANALYSIS = YES;
				CLANG_WARN_STRICT_PROTOTYPES = YES;
				CLANG_WARN_SUSPICIOUS_MOVE = YES;
				CLANG_WARN_UNGUARDED_AVAILABILITY = YES_AGGRESSIVE;
				CLANG_WARN_UNREACHABLE_CODE = YES;
				CLANG_WARN__DUPLICATE_METHOD_MATCH = YES;
				COPY_PHASE_STRIP = NO;
				DEBUG_INFORMATION_FORMAT = "dwarf-with-dsym";
				ENABLE_NS_ASSERTIONS = NO;
				ENABLE_STRICT_OBJC_MSGSEND = YES;
				ENABLE_USER_SCRIPT_SANDBOXING = YES;
				GCC_C_LANGUAGE_STANDARD = gnu17;
				GCC_NO_COMMON_BLOCKS = YES;
				GCC_WARN_64_TO_32_BIT_CONVERSION = YES;
				GCC_WARN_ABOUT_RETURN_TYPE = YES_ERROR;
				GCC_WARN_UNDECLARED_SELECTOR = YES;
				GCC_WARN_UNINITIALIZED_AUTOS = YES_AGGRESSIVE;
				GCC_WARN_UNUSED_FUNCTION = YES;
				GCC_WARN_UNUSED_VARIABLE = YES;
				IPHONEOS_DEPLOYMENT_TARGET = 17.2;
				LOCALIZATION_PREFERS_STRING_CATALOGS = YES;
				MTL_ENABLE_DEBUG_INFO = NO;
				MTL_FAST_MATH = YES;
				SDKROOT = iphoneos;
				SWIFT_COMPILATION_MODE = wholemodule;
				VALIDATE_PRODUCT = YES;
			};
			name = Release;
		};
		1FED67F12BB71A9E0064B67C /* Debug */ = {
			isa = XCBuildConfiguration;
			buildSettings = {
				ASSETCATALOG_COMPILER_APPICON_NAME = AppIcon;
				ASSETCATALOG_COMPILER_GLOBAL_ACCENT_COLOR_NAME = AccentColor;
				CODE_SIGN_STYLE = Automatic;
				CURRENT_PROJECT_VERSION = 1;
				DEVELOPMENT_TEAM = LA2DV5XFY8;
				GENERATE_INFOPLIST_FILE = YES;
				INFOPLIST_FILE = GetirBootcampWeek2/Info.plist;
				INFOPLIST_KEY_UIApplicationSupportsIndirectInputEvents = YES;
				INFOPLIST_KEY_UILaunchStoryboardName = LaunchScreen;
				INFOPLIST_KEY_UIMainStoryboardFile = Main;
				INFOPLIST_KEY_UISupportedInterfaceOrientations_iPad = "UIInterfaceOrientationPortrait UIInterfaceOrientationPortraitUpsideDown UIInterfaceOrientationLandscapeLeft UIInterfaceOrientationLandscapeRight";
				INFOPLIST_KEY_UISupportedInterfaceOrientations_iPhone = "UIInterfaceOrientationPortrait UIInterfaceOrientationLandscapeLeft UIInterfaceOrientationLandscapeRight";
				LD_RUNPATH_SEARCH_PATHS = (
					"$(inherited)",
					"@executable_path/Frameworks",
				);
				MARKETING_VERSION = 1.0;
				PRODUCT_BUNDLE_IDENTIFIER = com.ahmetyasinatakan.GetirBootcampWeek2;
				PRODUCT_NAME = "$(TARGET_NAME)";
				SWIFT_EMIT_LOC_STRINGS = YES;
				SWIFT_VERSION = 5.0;
				TARGETED_DEVICE_FAMILY = "1,2";
			};
			name = Debug;
		};
		1FED67F22BB71A9E0064B67C /* Release */ = {
			isa = XCBuildConfiguration;
			buildSettings = {
				ASSETCATALOG_COMPILER_APPICON_NAME = AppIcon;
				ASSETCATALOG_COMPILER_GLOBAL_ACCENT_COLOR_NAME = AccentColor;
				CODE_SIGN_STYLE = Automatic;
				CURRENT_PROJECT_VERSION = 1;
				DEVELOPMENT_TEAM = LA2DV5XFY8;
				GENERATE_INFOPLIST_FILE = YES;
				INFOPLIST_FILE = GetirBootcampWeek2/Info.plist;
				INFOPLIST_KEY_UIApplicationSupportsIndirectInputEvents = YES;
				INFOPLIST_KEY_UILaunchStoryboardName = LaunchScreen;
				INFOPLIST_KEY_UIMainStoryboardFile = Main;
				INFOPLIST_KEY_UISupportedInterfaceOrientations_iPad = "UIInterfaceOrientationPortrait UIInterfaceOrientationPortraitUpsideDown UIInterfaceOrientationLandscapeLeft UIInterfaceOrientationLandscapeRight";
				INFOPLIST_KEY_UISupportedInterfaceOrientations_iPhone = "UIInterfaceOrientationPortrait UIInterfaceOrientationLandscapeLeft UIInterfaceOrientationLandscapeRight";
				LD_RUNPATH_SEARCH_PATHS = (
					"$(inherited)",
					"@executable_path/Frameworks",
				);
				MARKETING_VERSION = 1.0;
				PRODUCT_BUNDLE_IDENTIFIER = com.ahmetyasinatakan.GetirBootcampWeek2;
				PRODUCT_NAME = "$(TARGET_NAME)";
				SWIFT_EMIT_LOC_STRINGS = YES;
				SWIFT_VERSION = 5.0;
				TARGETED_DEVICE_FAMILY = "1,2";
			};
			name = Release;
		};
		1FED67F42BB71A9E0064B67C /* Debug */ = {
			isa = XCBuildConfiguration;
			buildSettings = {
				ALWAYS_EMBED_SWIFT_STANDARD_LIBRARIES = YES;
				BUNDLE_LOADER = "$(TEST_HOST)";
				CODE_SIGN_STYLE = Automatic;
				CURRENT_PROJECT_VERSION = 1;
				DEVELOPMENT_TEAM = LA2DV5XFY8;
				GENERATE_INFOPLIST_FILE = YES;
				IPHONEOS_DEPLOYMENT_TARGET = 17.2;
				MARKETING_VERSION = 1.0;
				PRODUCT_BUNDLE_IDENTIFIER = com.ahmetyasinatakan.GetirBootcampWeek2Tests;
				PRODUCT_NAME = "$(TARGET_NAME)";
				SWIFT_EMIT_LOC_STRINGS = NO;
				SWIFT_VERSION = 5.0;
				TARGETED_DEVICE_FAMILY = "1,2";
				TEST_HOST = "$(BUILT_PRODUCTS_DIR)/GetirBootcampWeek2.app/$(BUNDLE_EXECUTABLE_FOLDER_PATH)/GetirBootcampWeek2";
			};
			name = Debug;
		};
		1FED67F52BB71A9E0064B67C /* Release */ = {
			isa = XCBuildConfiguration;
			buildSettings = {
				ALWAYS_EMBED_SWIFT_STANDARD_LIBRARIES = YES;
				BUNDLE_LOADER = "$(TEST_HOST)";
				CODE_SIGN_STYLE = Automatic;
				CURRENT_PROJECT_VERSION = 1;
				DEVELOPMENT_TEAM = LA2DV5XFY8;
				GENERATE_INFOPLIST_FILE = YES;
				IPHONEOS_DEPLOYMENT_TARGET = 17.2;
				MARKETING_VERSION = 1.0;
				PRODUCT_BUNDLE_IDENTIFIER = com.ahmetyasinatakan.GetirBootcampWeek2Tests;
				PRODUCT_NAME = "$(TARGET_NAME)";
				SWIFT_EMIT_LOC_STRINGS = NO;
				SWIFT_VERSION = 5.0;
				TARGETED_DEVICE_FAMILY = "1,2";
				TEST_HOST = "$(BUILT_PRODUCTS_DIR)/GetirBootcampWeek2.app/$(BUNDLE_EXECUTABLE_FOLDER_PATH)/GetirBootcampWeek2";
			};
			name = Release;
		};
		1FED67F72BB71A9E0064B67C /* Debug */ = {
			isa = XCBuildConfiguration;
			buildSettings = {
				ALWAYS_EMBED_SWIFT_STANDARD_LIBRARIES = YES;
				CODE_SIGN_STYLE = Automatic;
				CURRENT_PROJECT_VERSION = 1;
				DEVELOPMENT_TEAM = LA2DV5XFY8;
				GENERATE_INFOPLIST_FILE = YES;
				MARKETING_VERSION = 1.0;
				PRODUCT_BUNDLE_IDENTIFIER = com.ahmetyasinatakan.GetirBootcampWeek2UITests;
				PRODUCT_NAME = "$(TARGET_NAME)";
				SWIFT_EMIT_LOC_STRINGS = NO;
				SWIFT_VERSION = 5.0;
				TARGETED_DEVICE_FAMILY = "1,2";
				TEST_TARGET_NAME = GetirBootcampWeek2;
			};
			name = Debug;
		};
		1FED67F82BB71A9E0064B67C /* Release */ = {
			isa = XCBuildConfiguration;
			buildSettings = {
				ALWAYS_EMBED_SWIFT_STANDARD_LIBRARIES = YES;
				CODE_SIGN_STYLE = Automatic;
				CURRENT_PROJECT_VERSION = 1;
				DEVELOPMENT_TEAM = LA2DV5XFY8;
				GENERATE_INFOPLIST_FILE = YES;
				MARKETING_VERSION = 1.0;
				PRODUCT_BUNDLE_IDENTIFIER = com.ahmetyasinatakan.GetirBootcampWeek2UITests;
				PRODUCT_NAME = "$(TARGET_NAME)";
				SWIFT_EMIT_LOC_STRINGS = NO;
				SWIFT_VERSION = 5.0;
				TARGETED_DEVICE_FAMILY = "1,2";
				TEST_TARGET_NAME = GetirBootcampWeek2;
			};
			name = Release;
		};
/* End XCBuildConfiguration section */

/* Begin XCConfigurationList section */
		1FED67C12BB71A9B0064B67C /* Build configuration list for PBXProject "GetirBootcampWeek2" */ = {
			isa = XCConfigurationList;
			buildConfigurations = (
				1FED67EE2BB71A9E0064B67C /* Debug */,
				1FED67EF2BB71A9E0064B67C /* Release */,
			);
			defaultConfigurationIsVisible = 0;
			defaultConfigurationName = Release;
		};
		1FED67F02BB71A9E0064B67C /* Build configuration list for PBXNativeTarget "GetirBootcampWeek2" */ = {
			isa = XCConfigurationList;
			buildConfigurations = (
				1FED67F12BB71A9E0064B67C /* Debug */,
				1FED67F22BB71A9E0064B67C /* Release */,
			);
			defaultConfigurationIsVisible = 0;
			defaultConfigurationName = Release;
		};
		1FED67F32BB71A9E0064B67C /* Build configuration list for PBXNativeTarget "GetirBootcampWeek2Tests" */ = {
			isa = XCConfigurationList;
			buildConfigurations = (
				1FED67F42BB71A9E0064B67C /* Debug */,
				1FED67F52BB71A9E0064B67C /* Release */,
			);
			defaultConfigurationIsVisible = 0;
			defaultConfigurationName = Release;
		};
		1FED67F62BB71A9E0064B67C /* Build configuration list for PBXNativeTarget "GetirBootcampWeek2UITests" */ = {
			isa = XCConfigurationList;
			buildConfigurations = (
				1FED67F72BB71A9E0064B67C /* Debug */,
				1FED67F82BB71A9E0064B67C /* Release */,
			);
			defaultConfigurationIsVisible = 0;
			defaultConfigurationName = Release;
		};
/* End XCConfigurationList section */
	};
	rootObject = 1FED67BE2BB71A9B0064B67C /* Project object */;
}
