// !$*UTF8*$!
{
	archiveVersion = 1;
	classes = {
	};
	objectVersion = 56;
	objects = {

/* Begin PBXBuildFile section */
		1FB097062BB55EAB00F392AD /* AppDelegate.swift in Sources */ = {isa = PBXBuildFile; fileRef = 1FB097052BB55EAB00F392AD /* AppDelegate.swift */; };
		1FB097082BB55EAB00F392AD /* SceneDelegate.swift in Sources */ = {isa = PBXBuildFile; fileRef = 1FB097072BB55EAB00F392AD /* SceneDelegate.swift */; };
		1FB0970A2BB55EAB00F392AD /* ViewController.swift in Sources */ = {isa = PBXBuildFile; fileRef = 1FB097092BB55EAB00F392AD /* ViewController.swift */; };
		1FB0970F2BB55EB000F392AD /* Assets.xcassets in Resources */ = {isa = PBXBuildFile; fileRef = 1FB0970E2BB55EB000F392AD /* Assets.xcassets */; };
		1FB097122BB55EB000F392AD /* LaunchScreen.storyboard in Resources */ = {isa = PBXBuildFile; fileRef = 1FB097102BB55EB000F392AD /* LaunchScreen.storyboard */; };
		1FB0971D2BB55EB000F392AD /* CrazyBirdsTests.swift in Sources */ = {isa = PBXBuildFile; fileRef = 1FB0971C2BB55EB000F392AD /* CrazyBirdsTests.swift */; };
		1FB097272BB55EB000F392AD /* CrazyBirdsUITests.swift in Sources */ = {isa = PBXBuildFile; fileRef = 1FB097262BB55EB000F392AD /* CrazyBirdsUITests.swift */; };
		1FB097292BB55EB000F392AD /* CrazyBirdsUITestsLaunchTests.swift in Sources */ = {isa = PBXBuildFile; fileRef = 1FB097282BB55EB000F392AD /* CrazyBirdsUITestsLaunchTests.swift */; };
/* End PBXBuildFile section */

/* Begin PBXContainerItemProxy section */
		1FB097192BB55EB000F392AD /* PBXContainerItemProxy */ = {
			isa = PBXContainerItemProxy;
			containerPortal = 1FB096FA2BB55EAB00F392AD /* Project object */;
			proxyType = 1;
			remoteGlobalIDString = 1FB097012BB55EAB00F392AD;
			remoteInfo = CrazyBirds;
		};
		1FB097232BB55EB000F392AD /* PBXContainerItemProxy */ = {
			isa = PBXContainerItemProxy;
			containerPortal = 1FB096FA2BB55EAB00F392AD /* Project object */;
			proxyType = 1;
			remoteGlobalIDString = 1FB097012BB55EAB00F392AD;
			remoteInfo = CrazyBirds;
		};
/* End PBXContainerItemProxy section */

/* Begin PBXFileReference section */
		1FB097022BB55EAB00F392AD /* CrazyBirds.app */ = {isa = PBXFileReference; explicitFileType = wrapper.application; includeInIndex = 0; path = CrazyBirds.app; sourceTree = BUILT_PRODUCTS_DIR; };
		1FB097052BB55EAB00F392AD /* AppDelegate.swift */ = {isa = PBXFileReference; lastKnownFileType = sourcecode.swift; path = AppDelegate.swift; sourceTree = "<group>"; };
		1FB097072BB55EAB00F392AD /* SceneDelegate.swift */ = {isa = PBXFileReference; lastKnownFileType = sourcecode.swift; path = SceneDelegate.swift; sourceTree = "<group>"; };
		1FB097092BB55EAB00F392AD /* ViewController.swift */ = {isa = PBXFileReference; lastKnownFileType = sourcecode.swift; path = ViewController.swift; sourceTree = "<group>"; };
		1FB0970E2BB55EB000F392AD /* Assets.xcassets */ = {isa = PBXFileReference; lastKnownFileType = folder.assetcatalog; path = Assets.xcassets; sourceTree = "<group>"; };
		1FB097112BB55EB000F392AD /* Base */ = {isa = PBXFileReference; lastKnownFileType = file.storyboard; name = Base; path = Base.lproj/LaunchScreen.storyboard; sourceTree = "<group>"; };
		1FB097132BB55EB000F392AD /* Info.plist */ = {isa = PBXFileReference; lastKnownFileType = text.plist.xml; path = Info.plist; sourceTree = "<group>"; };
		1FB097182BB55EB000F392AD /* CrazyBirdsTests.xctest */ = {isa = PBXFileReference; explicitFileType = wrapper.cfbundle; includeInIndex = 0; path = CrazyBirdsTests.xctest; sourceTree = BUILT_PRODUCTS_DIR; };
		1FB0971C2BB55EB000F392AD /* CrazyBirdsTests.swift */ = {isa = PBXFileReference; lastKnownFileType = sourcecode.swift; path = CrazyBirdsTests.swift; sourceTree = "<group>"; };
		1FB097222BB55EB000F392AD /* CrazyBirdsUITests.xctest */ = {isa = PBXFileReference; explicitFileType = wrapper.cfbundle; includeInIndex = 0; path = CrazyBirdsUITests.xctest; sourceTree = BUILT_PRODUCTS_DIR; };
		1FB097262BB55EB000F392AD /* CrazyBirdsUITests.swift */ = {isa = PBXFileReference; lastKnownFileType = sourcecode.swift; path = CrazyBirdsUITests.swift; sourceTree = "<group>"; };
		1FB097282BB55EB000F392AD /* CrazyBirdsUITestsLaunchTests.swift */ = {isa = PBXFileReference; lastKnownFileType = sourcecode.swift; path = CrazyBirdsUITestsLaunchTests.swift; sourceTree = "<group>"; };
/* End PBXFileReference section */

/* Begin PBXFrameworksBuildPhase section */
		1FB096FF2BB55EAB00F392AD /* Frameworks */ = {
			isa = PBXFrameworksBuildPhase;
			buildActionMask = 2147483647;
			files = (
			);
			runOnlyForDeploymentPostprocessing = 0;
		};
		1FB097152BB55EB000F392AD /* Frameworks */ = {
			isa = PBXFrameworksBuildPhase;
			buildActionMask = 2147483647;
			files = (
			);
			runOnlyForDeploymentPostprocessing = 0;
		};
		1FB0971F2BB55EB000F392AD /* Frameworks */ = {
			isa = PBXFrameworksBuildPhase;
			buildActionMask = 2147483647;
			files = (
			);
			runOnlyForDeploymentPostprocessing = 0;
		};
/* End PBXFrameworksBuildPhase section */

/* Begin PBXGroup section */
		1FB096F92BB55EAB00F392AD = {
			isa = PBXGroup;
			children = (
				1FB097042BB55EAB00F392AD /* CrazyBirds */,
				1FB0971B2BB55EB000F392AD /* CrazyBirdsTests */,
				1FB097252BB55EB000F392AD /* CrazyBirdsUITests */,
				1FB097032BB55EAB00F392AD /* Products */,
			);
			sourceTree = "<group>";
		};
		1FB097032BB55EAB00F392AD /* Products */ = {
			isa = PBXGroup;
			children = (
				1FB097022BB55EAB00F392AD /* CrazyBirds.app */,
				1FB097182BB55EB000F392AD /* CrazyBirdsTests.xctest */,
				1FB097222BB55EB000F392AD /* CrazyBirdsUITests.xctest */,
			);
			name = Products;
			sourceTree = "<group>";
		};
		1FB097042BB55EAB00F392AD /* CrazyBirds */ = {
			isa = PBXGroup;
			children = (
				1FB097052BB55EAB00F392AD /* AppDelegate.swift */,
				1FB097072BB55EAB00F392AD /* SceneDelegate.swift */,
				1FB097092BB55EAB00F392AD /* ViewController.swift */,
				1FB0970E2BB55EB000F392AD /* Assets.xcassets */,
				1FB097102BB55EB000F392AD /* LaunchScreen.storyboard */,
				1FB097132BB55EB000F392AD /* Info.plist */,
			);
			path = CrazyBirds;
			sourceTree = "<group>";
		};
		1FB0971B2BB55EB000F392AD /* CrazyBirdsTests */ = {
			isa = PBXGroup;
			children = (
				1FB0971C2BB55EB000F392AD /* CrazyBirdsTests.swift */,
			);
			path = CrazyBirdsTests;
			sourceTree = "<group>";
		};
		1FB097252BB55EB000F392AD /* CrazyBirdsUITests */ = {
			isa = PBXGroup;
			children = (
				1FB097262BB55EB000F392AD /* CrazyBirdsUITests.swift */,
				1FB097282BB55EB000F392AD /* CrazyBirdsUITestsLaunchTests.swift */,
			);
			path = CrazyBirdsUITests;
			sourceTree = "<group>";
		};
/* End PBXGroup section */

/* Begin PBXNativeTarget section */
		1FB097012BB55EAB00F392AD /* CrazyBirds */ = {
			isa = PBXNativeTarget;
			buildConfigurationList = 1FB0972C2BB55EB000F392AD /* Build configuration list for PBXNativeTarget "CrazyBirds" */;
			buildPhases = (
				1FB096FE2BB55EAB00F392AD /* Sources */,
				1FB096FF2BB55EAB00F392AD /* Frameworks */,
				1FB097002BB55EAB00F392AD /* Resources */,
			);
			buildRules = (
			);
			dependencies = (
			);
			name = CrazyBirds;
			productName = CrazyBirds;
			productReference = 1FB097022BB55EAB00F392AD /* CrazyBirds.app */;
			productType = "com.apple.product-type.application";
		};
		1FB097172BB55EB000F392AD /* CrazyBirdsTests */ = {
			isa = PBXNativeTarget;
			buildConfigurationList = 1FB0972F2BB55EB000F392AD /* Build configuration list for PBXNativeTarget "CrazyBirdsTests" */;
			buildPhases = (
				1FB097142BB55EB000F392AD /* Sources */,
				1FB097152BB55EB000F392AD /* Frameworks */,
				1FB097162BB55EB000F392AD /* Resources */,
			);
			buildRules = (
			);
			dependencies = (
				1FB0971A2BB55EB000F392AD /* PBXTargetDependency */,
			);
			name = CrazyBirdsTests;
			productName = CrazyBirdsTests;
			productReference = 1FB097182BB55EB000F392AD /* CrazyBirdsTests.xctest */;
			productType = "com.apple.product-type.bundle.unit-test";
		};
		1FB097212BB55EB000F392AD /* CrazyBirdsUITests */ = {
			isa = PBXNativeTarget;
			buildConfigurationList = 1FB097322BB55EB000F392AD /* Build configuration list for PBXNativeTarget "CrazyBirdsUITests" */;
			buildPhases = (
				1FB0971E2BB55EB000F392AD /* Sources */,
				1FB0971F2BB55EB000F392AD /* Frameworks */,
				1FB097202BB55EB000F392AD /* Resources */,
			);
			buildRules = (
			);
			dependencies = (
				1FB097242BB55EB000F392AD /* PBXTargetDependency */,
			);
			name = CrazyBirdsUITests;
			productName = CrazyBirdsUITests;
			productReference = 1FB097222BB55EB000F392AD /* CrazyBirdsUITests.xctest */;
			productType = "com.apple.product-type.bundle.ui-testing";
		};
/* End PBXNativeTarget section */

/* Begin PBXProject section */
		1FB096FA2BB55EAB00F392AD /* Project object */ = {
			isa = PBXProject;
			attributes = {
				BuildIndependentTargetsInParallel = 1;
				LastSwiftUpdateCheck = 1520;
				LastUpgradeCheck = 1520;
				TargetAttributes = {
					1FB097012BB55EAB00F392AD = {
						CreatedOnToolsVersion = 15.2;
					};
					1FB097172BB55EB000F392AD = {
						CreatedOnToolsVersion = 15.2;
						TestTargetID = 1FB097012BB55EAB00F392AD;
					};
					1FB097212BB55EB000F392AD = {
						CreatedOnToolsVersion = 15.2;
						TestTargetID = 1FB097012BB55EAB00F392AD;
					};
				};
			};
			buildConfigurationList = 1FB096FD2BB55EAB00F392AD /* Build configuration list for PBXProject "CrazyBirds" */;
			compatibilityVersion = "Xcode 14.0";
			developmentRegion = en;
			hasScannedForEncodings = 0;
			knownRegions = (
				en,
				Base,
			);
			mainGroup = 1FB096F92BB55EAB00F392AD;
			productRefGroup = 1FB097032BB55EAB00F392AD /* Products */;
			projectDirPath = "";
			projectRoot = "";
			targets = (
				1FB097012BB55EAB00F392AD /* CrazyBirds */,
				1FB097172BB55EB000F392AD /* CrazyBirdsTests */,
				1FB097212BB55EB000F392AD /* CrazyBirdsUITests */,
			);
		};
/* End PBXProject section */

/* Begin PBXResourcesBuildPhase section */
		1FB097002BB55EAB00F392AD /* Resources */ = {
			isa = PBXResourcesBuildPhase;
			buildActionMask = 2147483647;
			files = (
				1FB097122BB55EB000F392AD /* LaunchScreen.storyboard in Resources */,
				1FB0970F2BB55EB000F392AD /* Assets.xcassets in Resources */,
			);
			runOnlyForDeploymentPostprocessing = 0;
		};
		1FB097162BB55EB000F392AD /* Resources */ = {
			isa = PBXResourcesBuildPhase;
			buildActionMask = 2147483647;
			files = (
			);
			runOnlyForDeploymentPostprocessing = 0;
		};
		1FB097202BB55EB000F392AD /* Resources */ = {
			isa = PBXResourcesBuildPhase;
			buildActionMask = 2147483647;
			files = (
			);
			runOnlyForDeploymentPostprocessing = 0;
		};
/* End PBXResourcesBuildPhase section */

/* Begin PBXSourcesBuildPhase section */
		1FB096FE2BB55EAB00F392AD /* Sources */ = {
			isa = PBXSourcesBuildPhase;
			buildActionMask = 2147483647;
			files = (
				1FB0970A2BB55EAB00F392AD /* ViewController.swift in Sources */,
				1FB097062BB55EAB00F392AD /* AppDelegate.swift in Sources */,
				1FB097082BB55EAB00F392AD /* SceneDelegate.swift in Sources */,
			);
			runOnlyForDeploymentPostprocessing = 0;
		};
		1FB097142BB55EB000F392AD /* Sources */ = {
			isa = PBXSourcesBuildPhase;
			buildActionMask = 2147483647;
			files = (
				1FB0971D2BB55EB000F392AD /* CrazyBirdsTests.swift in Sources */,
			);
			runOnlyForDeploymentPostprocessing = 0;
		};
		1FB0971E2BB55EB000F392AD /* Sources */ = {
			isa = PBXSourcesBuildPhase;
			buildActionMask = 2147483647;
			files = (
				1FB097272BB55EB000F392AD /* CrazyBirdsUITests.swift in Sources */,
				1FB097292BB55EB000F392AD /* CrazyBirdsUITestsLaunchTests.swift in Sources */,
			);
			runOnlyForDeploymentPostprocessing = 0;
		};
/* End PBXSourcesBuildPhase section */

/* Begin PBXTargetDependency section */
		1FB0971A2BB55EB000F392AD /* PBXTargetDependency */ = {
			isa = PBXTargetDependency;
			target = 1FB097012BB55EAB00F392AD /* CrazyBirds */;
			targetProxy = 1FB097192BB55EB000F392AD /* PBXContainerItemProxy */;
		};
		1FB097242BB55EB000F392AD /* PBXTargetDependency */ = {
			isa = PBXTargetDependency;
			target = 1FB097012BB55EAB00F392AD /* CrazyBirds */;
			targetProxy = 1FB097232BB55EB000F392AD /* PBXContainerItemProxy */;
		};
/* End PBXTargetDependency section */

/* Begin PBXVariantGroup section */
		1FB097102BB55EB000F392AD /* LaunchScreen.storyboard */ = {
			isa = PBXVariantGroup;
			children = (
				1FB097112BB55EB000F392AD /* Base */,
			);
			name = LaunchScreen.storyboard;
			sourceTree = "<group>";
		};
/* End PBXVariantGroup section */

/* Begin XCBuildConfiguration section */
		1FB0972A2BB55EB000F392AD /* Debug */ = {
			isa = XCBuildConfiguration;
			buildSettings = {
				ALWAYS_SEARCH_USER_PATHS = NO;
				ASSETCATALOG_COMPILER_GENERATE_SWIFT_ASSET_SYMBOL_EXTENSIONS = YES;
				CLANG_ANALYZER_NONNULL = YES;
				CLANG_ANALYZER_NUMBER_OBJECT_CONVERSION = YES_AGGRESSIVE;
				CLANG_CXX_LANGUAGE_STANDARD = "gnu++20";
				CLANG_ENABLE_MODULES = YES;
				CLANG_ENABLE_OBJC_ARC = YES;
				CLANG_ENABLE_OBJC_WEAK = YES;
				CLANG_WARN_BLOCK_CAPTURE_AUTORELEASING = YES;
				CLANG_WARN_BOOL_CONVERSION = YES;
				CLANG_WARN_COMMA = YES;
				CLANG_WARN_CONSTANT_CONVERSION = YES;
				CLANG_WARN_DEPRECATED_OBJC_IMPLEMENTATIONS = YES;
				CLANG_WARN_DIRECT_OBJC_ISA_USAGE = YES_ERROR;
				CLANG_WARN_DOCUMENTATION_COMMENTS = YES;
				CLANG_WARN_EMPTY_BODY = YES;
				CLANG_WARN_ENUM_CONVERSION = YES;
				CLANG_WARN_INFINITE_RECURSION = YES;
				CLANG_WARN_INT_CONVERSION = YES;
				CLANG_WARN_NON_LITERAL_NULL_CONVERSION = YES;
				CLANG_WARN_OBJC_IMPLICIT_RETAIN_SELF = YES;
				CLANG_WARN_OBJC_LITERAL_CONVERSION = YES;
				CLANG_WARN_OBJC_ROOT_CLASS = YES_ERROR;
				CLANG_WARN_QUOTED_INCLUDE_IN_FRAMEWORK_HEADER = YES;
				CLANG_WARN_RANGE_LOOP_ANALYSIS = YES;
				CLANG_WARN_STRICT_PROTOTYPES = YES;
				CLANG_WARN_SUSPICIOUS_MOVE = YES;
				CLANG_WARN_UNGUARDED_AVAILABILITY = YES_AGGRESSIVE;
				CLANG_WARN_UNREACHABLE_CODE = YES;
				CLANG_WARN__DUPLICATE_METHOD_MATCH = YES;
				COPY_PHASE_STRIP = NO;
				DEBUG_INFORMATION_FORMAT = dwarf;
				ENABLE_STRICT_OBJC_MSGSEND = YES;
				ENABLE_TESTABILITY = YES;
				ENABLE_USER_SCRIPT_SANDBOXING = YES;
				GCC_C_LANGUAGE_STANDARD = gnu17;
				GCC_DYNAMIC_NO_PIC = NO;
				GCC_NO_COMMON_BLOCKS = YES;
				GCC_OPTIMIZATION_LEVEL = 0;
				GCC_PREPROCESSOR_DEFINITIONS = (
					"DEBUG=1",
					"$(inherited)",
				);
				GCC_WARN_64_TO_32_BIT_CONVERSION = YES;
				GCC_WARN_ABOUT_RETURN_TYPE = YES_ERROR;
				GCC_WARN_UNDECLARED_SELECTOR = YES;
				GCC_WARN_UNINITIALIZED_AUTOS = YES_AGGRESSIVE;
				GCC_WARN_UNUSED_FUNCTION = YES;
				GCC_WARN_UNUSED_VARIABLE = YES;
				IPHONEOS_DEPLOYMENT_TARGET = 17.2;
				LOCALIZATION_PREFERS_STRING_CATALOGS = YES;
				MTL_ENABLE_DEBUG_INFO = INCLUDE_SOURCE;
				MTL_FAST_MATH = YES;
				ONLY_ACTIVE_ARCH = YES;
				SDKROOT = iphoneos;
				SWIFT_ACTIVE_COMPILATION_CONDITIONS = "DEBUG $(inherited)";
				SWIFT_OPTIMIZATION_LEVEL = "-Onone";
			};
			name = Debug;
		};
		1FB0972B2BB55EB000F392AD /* Release */ = {
			isa = XCBuildConfiguration;
			buildSettings = {
				ALWAYS_SEARCH_USER_PATHS = NO;
				ASSETCATALOG_COMPILER_GENERATE_SWIFT_ASSET_SYMBOL_EXTENSIONS = YES;
				CLANG_ANALYZER_NONNULL = YES;
				CLANG_ANALYZER_NUMBER_OBJECT_CONVERSION = YES_AGGRESSIVE;
				CLANG_CXX_LANGUAGE_STANDARD = "gnu++20";
				CLANG_ENABLE_MODULES = YES;
				CLANG_ENABLE_OBJC_ARC = YES;
				CLANG_ENABLE_OBJC_WEAK = YES;
				CLANG_WARN_BLOCK_CAPTURE_AUTORELEASING = YES;
				CLANG_WARN_BOOL_CONVERSION = YES;
				CLANG_WARN_COMMA = YES;
				CLANG_WARN_CONSTANT_CONVERSION = YES;
				CLANG_WARN_DEPRECATED_OBJC_IMPLEMENTATIONS = YES;
				CLANG_WARN_DIRECT_OBJC_ISA_USAGE = YES_ERROR;
				CLANG_WARN_DOCUMENTATION_COMMENTS = YES;
				CLANG_WARN_EMPTY_BODY = YES;
				CLANG_WARN_ENUM_CONVERSION = YES;
				CLANG_WARN_INFINITE_RECURSION = YES;
				CLANG_WARN_INT_CONVERSION = YES;
				CLANG_WARN_NON_LITERAL_NULL_CONVERSION = YES;
				CLANG_WARN_OBJC_IMPLICIT_RETAIN_SELF = YES;
				CLANG_WARN_OBJC_LITERAL_CONVERSION = YES;
				CLANG_WARN_OBJC_ROOT_CLASS = YES_ERROR;
				CLANG_WARN_QUOTED_INCLUDE_IN_FRAMEWORK_HEADER = YES;
				CLANG_WARN_RANGE_LOOP_ANALYSIS = YES;
				CLANG_WARN_STRICT_PROTOTYPES = YES;
				CLANG_WARN_SUSPICIOUS_MOVE = YES;
				CLANG_WARN_UNGUARDED_AVAILABILITY = YES_AGGRESSIVE;
				CLANG_WARN_UNREACHABLE_CODE = YES;
				CLANG_WARN__DUPLICATE_METHOD_MATCH = YES;
				COPY_PHASE_STRIP = NO;
				DEBUG_INFORMATION_FORMAT = "dwarf-with-dsym";
				ENABLE_NS_ASSERTIONS = NO;
				ENABLE_STRICT_OBJC_MSGSEND = YES;
				ENABLE_USER_SCRIPT_SANDBOXING = YES;
				GCC_C_LANGUAGE_STANDARD = gnu17;
				GCC_NO_COMMON_BLOCKS = YES;
				GCC_WARN_64_TO_32_BIT_CONVERSION = YES;
				GCC_WARN_ABOUT_RETURN_TYPE = YES_ERROR;
				GCC_WARN_UNDECLARED_SELECTOR = YES;
				GCC_WARN_UNINITIALIZED_AUTOS = YES_AGGRESSIVE;
				GCC_WARN_UNUSED_FUNCTION = YES;
				GCC_WARN_UNUSED_VARIABLE = YES;
				IPHONEOS_DEPLOYMENT_TARGET = 17.2;
				LOCALIZATION_PREFERS_STRING_CATALOGS = YES;
				MTL_ENABLE_DEBUG_INFO = NO;
				MTL_FAST_MATH = YES;
				SDKROOT = iphoneos;
				SWIFT_COMPILATION_MODE = wholemodule;
				VALIDATE_PRODUCT = YES;
			};
			name = Release;
		};
		1FB0972D2BB55EB000F392AD /* Debug */ = {
			isa = XCBuildConfiguration;
			buildSettings = {
				ASSETCATALOG_COMPILER_APPICON_NAME = AppIcon;
				ASSETCATALOG_COMPILER_GLOBAL_ACCENT_COLOR_NAME = AccentColor;
				CODE_SIGN_STYLE = Automatic;
				CURRENT_PROJECT_VERSION = 1;
				DEVELOPMENT_TEAM = LA2DV5XFY8;
				GENERATE_INFOPLIST_FILE = YES;
				INFOPLIST_FILE = CrazyBirds/Info.plist;
				INFOPLIST_KEY_UIApplicationSupportsIndirectInputEvents = YES;
				INFOPLIST_KEY_UILaunchStoryboardName = LaunchScreen;
				INFOPLIST_KEY_UISupportedInterfaceOrientations_iPad = "UIInterfaceOrientationPortrait UIInterfaceOrientationPortraitUpsideDown UIInterfaceOrientationLandscapeLeft UIInterfaceOrientationLandscapeRight";
				INFOPLIST_KEY_UISupportedInterfaceOrientations_iPhone = "UIInterfaceOrientationPortrait UIInterfaceOrientationLandscapeLeft UIInterfaceOrientationLandscapeRight";
				LD_RUNPATH_SEARCH_PATHS = (
					"$(inherited)",
					"@executable_path/Frameworks",
				);
				MARKETING_VERSION = 1.0;
				PRODUCT_BUNDLE_IDENTIFIER = com.ahmetyasinatakan.CrazyBirds;
				PRODUCT_NAME = "$(TARGET_NAME)";
				SWIFT_EMIT_LOC_STRINGS = YES;
				SWIFT_VERSION = 5.0;
				TARGETED_DEVICE_FAMILY = "1,2";
			};
			name = Debug;
		};
		1FB0972E2BB55EB000F392AD /* Release */ = {
			isa = XCBuildConfiguration;
			buildSettings = {
				ASSETCATALOG_COMPILER_APPICON_NAME = AppIcon;
				ASSETCATALOG_COMPILER_GLOBAL_ACCENT_COLOR_NAME = AccentColor;
				CODE_SIGN_STYLE = Automatic;
				CURRENT_PROJECT_VERSION = 1;
				DEVELOPMENT_TEAM = LA2DV5XFY8;
				GENERATE_INFOPLIST_FILE = YES;
				INFOPLIST_FILE = CrazyBirds/Info.plist;
				INFOPLIST_KEY_UIApplicationSupportsIndirectInputEvents = YES;
				INFOPLIST_KEY_UILaunchStoryboardName = LaunchScreen;
				INFOPLIST_KEY_UISupportedInterfaceOrientations_iPad = "UIInterfaceOrientationPortrait UIInterfaceOrientationPortraitUpsideDown UIInterfaceOrientationLandscapeLeft UIInterfaceOrientationLandscapeRight";
				INFOPLIST_KEY_UISupportedInterfaceOrientations_iPhone = "UIInterfaceOrientationPortrait UIInterfaceOrientationLandscapeLeft UIInterfaceOrientationLandscapeRight";
				LD_RUNPATH_SEARCH_PATHS = (
					"$(inherited)",
					"@executable_path/Frameworks",
				);
				MARKETING_VERSION = 1.0;
				PRODUCT_BUNDLE_IDENTIFIER = com.ahmetyasinatakan.CrazyBirds;
				PRODUCT_NAME = "$(TARGET_NAME)";
				SWIFT_EMIT_LOC_STRINGS = YES;
				SWIFT_VERSION = 5.0;
				TARGETED_DEVICE_FAMILY = "1,2";
			};
			name = Release;
		};
		1FB097302BB55EB000F392AD /* Debug */ = {
			isa = XCBuildConfiguration;
			buildSettings = {
				ALWAYS_EMBED_SWIFT_STANDARD_LIBRARIES = YES;
				BUNDLE_LOADER = "$(TEST_HOST)";
				CODE_SIGN_STYLE = Automatic;
				CURRENT_PROJECT_VERSION = 1;
				DEVELOPMENT_TEAM = LA2DV5XFY8;
				GENERATE_INFOPLIST_FILE = YES;
				IPHONEOS_DEPLOYMENT_TARGET = 17.2;
				MARKETING_VERSION = 1.0;
				PRODUCT_BUNDLE_IDENTIFIER = com.ahmetyasinatakan.CrazyBirdsTests;
				PRODUCT_NAME = "$(TARGET_NAME)";
				SWIFT_EMIT_LOC_STRINGS = NO;
				SWIFT_VERSION = 5.0;
				TARGETED_DEVICE_FAMILY = "1,2";
				TEST_HOST = "$(BUILT_PRODUCTS_DIR)/CrazyBirds.app/$(BUNDLE_EXECUTABLE_FOLDER_PATH)/CrazyBirds";
			};
			name = Debug;
		};
		1FB097312BB55EB000F392AD /* Release */ = {
			isa = XCBuildConfiguration;
			buildSettings = {
				ALWAYS_EMBED_SWIFT_STANDARD_LIBRARIES = YES;
				BUNDLE_LOADER = "$(TEST_HOST)";
				CODE_SIGN_STYLE = Automatic;
				CURRENT_PROJECT_VERSION = 1;
				DEVELOPMENT_TEAM = LA2DV5XFY8;
				GENERATE_INFOPLIST_FILE = YES;
				IPHONEOS_DEPLOYMENT_TARGET = 17.2;
				MARKETING_VERSION = 1.0;
				PRODUCT_BUNDLE_IDENTIFIER = com.ahmetyasinatakan.CrazyBirdsTests;
				PRODUCT_NAME = "$(TARGET_NAME)";
				SWIFT_EMIT_LOC_STRINGS = NO;
				SWIFT_VERSION = 5.0;
				TARGETED_DEVICE_FAMILY = "1,2";
				TEST_HOST = "$(BUILT_PRODUCTS_DIR)/CrazyBirds.app/$(BUNDLE_EXECUTABLE_FOLDER_PATH)/CrazyBirds";
			};
			name = Release;
		};
		1FB097332BB55EB000F392AD /* Debug */ = {
			isa = XCBuildConfiguration;
			buildSettings = {
				ALWAYS_EMBED_SWIFT_STANDARD_LIBRARIES = YES;
				CODE_SIGN_STYLE = Automatic;
				CURRENT_PROJECT_VERSION = 1;
				DEVELOPMENT_TEAM = LA2DV5XFY8;
				GENERATE_INFOPLIST_FILE = YES;
				MARKETING_VERSION = 1.0;
				PRODUCT_BUNDLE_IDENTIFIER = com.ahmetyasinatakan.CrazyBirdsUITests;
				PRODUCT_NAME = "$(TARGET_NAME)";
				SWIFT_EMIT_LOC_STRINGS = NO;
				SWIFT_VERSION = 5.0;
				TARGETED_DEVICE_FAMILY = "1,2";
				TEST_TARGET_NAME = CrazyBirds;
			};
			name = Debug;
		};
		1FB097342BB55EB000F392AD /* Release */ = {
			isa = XCBuildConfiguration;
			buildSettings = {
				ALWAYS_EMBED_SWIFT_STANDARD_LIBRARIES = YES;
				CODE_SIGN_STYLE = Automatic;
				CURRENT_PROJECT_VERSION = 1;
				DEVELOPMENT_TEAM = LA2DV5XFY8;
				GENERATE_INFOPLIST_FILE = YES;
				MARKETING_VERSION = 1.0;
				PRODUCT_BUNDLE_IDENTIFIER = com.ahmetyasinatakan.CrazyBirdsUITests;
				PRODUCT_NAME = "$(TARGET_NAME)";
				SWIFT_EMIT_LOC_STRINGS = NO;
				SWIFT_VERSION = 5.0;
				TARGETED_DEVICE_FAMILY = "1,2";
				TEST_TARGET_NAME = CrazyBirds;
			};
			name = Release;
		};
/* End XCBuildConfiguration section */

/* Begin XCConfigurationList section */
		1FB096FD2BB55EAB00F392AD /* Build configuration list for PBXProject "CrazyBirds" */ = {
			isa = XCConfigurationList;
			buildConfigurations = (
				1FB0972A2BB55EB000F392AD /* Debug */,
				1FB0972B2BB55EB000F392AD /* Release */,
			);
			defaultConfigurationIsVisible = 0;
			defaultConfigurationName = Release;
		};
		1FB0972C2BB55EB000F392AD /* Build configuration list for PBXNativeTarget "CrazyBirds" */ = {
			isa = XCConfigurationList;
			buildConfigurations = (
				1FB0972D2BB55EB000F392AD /* Debug */,
				1FB0972E2BB55EB000F392AD /* Release */,
			);
			defaultConfigurationIsVisible = 0;
			defaultConfigurationName = Release;
		};
		1FB0972F2BB55EB000F392AD /* Build configuration list for PBXNativeTarget "CrazyBirdsTests" */ = {
			isa = XCConfigurationList;
			buildConfigurations = (
				1FB097302BB55EB000F392AD /* Debug */,
				1FB097312BB55EB000F392AD /* Release */,
			);
			defaultConfigurationIsVisible = 0;
			defaultConfigurationName = Release;
		};
		1FB097322BB55EB000F392AD /* Build configuration list for PBXNativeTarget "CrazyBirdsUITests" */ = {
			isa = XCConfigurationList;
			buildConfigurations = (
				1FB097332BB55EB000F392AD /* Debug */,
				1FB097342BB55EB000F392AD /* Release */,
			);
			defaultConfigurationIsVisible = 0;
			defaultConfigurationName = Release;
		};
/* End XCConfigurationList section */
	};
	rootObject = 1FB096FA2BB55EAB00F392AD /* Project object */;
}
